// !$*UTF8*$!
{
	archiveVersion = 1;
	classes = {
	};
	objectVersion = 50;
	objects = {

/* Begin PBXBuildFile section */
		742321F725C805450099C6C1 /* AppDelegate.swift in Sources */ = {isa = PBXBuildFile; fileRef = 742321F625C805450099C6C1 /* AppDelegate.swift */; };
		742321F925C805450099C6C1 /* SceneDelegate.swift in Sources */ = {isa = PBXBuildFile; fileRef = 742321F825C805450099C6C1 /* SceneDelegate.swift */; };
		742321FB25C805450099C6C1 /* ViewController.swift in Sources */ = {isa = PBXBuildFile; fileRef = 742321FA25C805450099C6C1 /* ViewController.swift */; };
		742321FE25C805450099C6C1 /* Main.storyboard in Resources */ = {isa = PBXBuildFile; fileRef = 742321FC25C805450099C6C1 /* Main.storyboard */; };
		7423220025C805480099C6C1 /* Assets.xcassets in Resources */ = {isa = PBXBuildFile; fileRef = 742321FF25C805480099C6C1 /* Assets.xcassets */; };
		7423220325C805480099C6C1 /* LaunchScreen.storyboard in Resources */ = {isa = PBXBuildFile; fileRef = 7423220125C805480099C6C1 /* LaunchScreen.storyboard */; };
		7423221125C806A60099C6C1 /* FastTyping.jpg in Resources */ = {isa = PBXBuildFile; fileRef = 7423220B25C806A50099C6C1 /* FastTyping.jpg */; };
		7423221225C806A60099C6C1 /* Fireworks.jpg in Resources */ = {isa = PBXBuildFile; fileRef = 7423220C25C806A60099C6C1 /* Fireworks.jpg */; };
		7423221325C806A60099C6C1 /* Mountaineering.jpg in Resources */ = {isa = PBXBuildFile; fileRef = 7423220D25C806A60099C6C1 /* Mountaineering.jpg */; };
		7423221425C806A60099C6C1 /* Mountaineering.mov in Resources */ = {isa = PBXBuildFile; fileRef = 7423220E25C806A60099C6C1 /* Mountaineering.mov */; };
		7423221525C806A60099C6C1 /* Seascape.jpg in Resources */ = {isa = PBXBuildFile; fileRef = 7423220F25C806A60099C6C1 /* Seascape.jpg */; };
		7423221625C806A60099C6C1 /* FastTyping.mp4 in Resources */ = {isa = PBXBuildFile; fileRef = 7423221025C806A60099C6C1 /* FastTyping.mp4 */; };
/* End PBXBuildFile section */

/* Begin PBXFileReference section */
		742321F325C805450099C6C1 /* MoviePlayer.app */ = {isa = PBXFileReference; explicitFileType = wrapper.application; includeInIndex = 0; path = MoviePlayer.app; sourceTree = BUILT_PRODUCTS_DIR; };
		742321F625C805450099C6C1 /* AppDelegate.swift */ = {isa = PBXFileReference; lastKnownFileType = sourcecode.swift; path = AppDelegate.swift; sourceTree = "<group>"; };
		742321F825C805450099C6C1 /* SceneDelegate.swift */ = {isa = PBXFileReference; lastKnownFileType = sourcecode.swift; path = SceneDelegate.swift; sourceTree = "<group>"; };
		742321FA25C805450099C6C1 /* ViewController.swift */ = {isa = PBXFileReference; lastKnownFileType = sourcecode.swift; path = ViewController.swift; sourceTree = "<group>"; };
		742321FD25C805450099C6C1 /* Base */ = {isa = PBXFileReference; lastKnownFileType = file.storyboard; name = Base; path = Base.lproj/Main.storyboard; sourceTree = "<group>"; };
		742321FF25C805480099C6C1 /* Assets.xcassets */ = {isa = PBXFileReference; lastKnownFileType = folder.assetcatalog; path = Assets.xcassets; sourceTree = "<group>"; };
		7423220225C805480099C6C1 /* Base */ = {isa = PBXFileReference; lastKnownFileType = file.storyboard; name = Base; path = Base.lproj/LaunchScreen.storyboard; sourceTree = "<group>"; };
		7423220425C805480099C6C1 /* Info.plist */ = {isa = PBXFileReference; lastKnownFileType = text.plist.xml; path = Info.plist; sourceTree = "<group>"; };
		7423220B25C806A50099C6C1 /* FastTyping.jpg */ = {isa = PBXFileReference; lastKnownFileType = image.jpeg; path = FastTyping.jpg; sourceTree = "<group>"; };
		7423220C25C806A60099C6C1 /* Fireworks.jpg */ = {isa = PBXFileReference; lastKnownFileType = image.jpeg; path = Fireworks.jpg; sourceTree = "<group>"; };
		7423220D25C806A60099C6C1 /* Mountaineering.jpg */ = {isa = PBXFileReference; lastKnownFileType = image.jpeg; path = Mountaineering.jpg; sourceTree = "<group>"; };
		7423220E25C806A60099C6C1 /* Mountaineering.mov */ = {isa = PBXFileReference; lastKnownFileType = video.quicktime; path = Mountaineering.mov; sourceTree = "<group>"; };
		7423220F25C806A60099C6C1 /* Seascape.jpg */ = {isa = PBXFileReference; lastKnownFileType = image.jpeg; path = Seascape.jpg; sourceTree = "<group>"; };
		7423221025C806A60099C6C1 /* FastTyping.mp4 */ = {isa = PBXFileReference; lastKnownFileType = file; path = FastTyping.mp4; sourceTree = "<group>"; };
/* End PBXFileReference section */

/* Begin PBXFrameworksBuildPhase section */
		742321F025C805450099C6C1 /* Frameworks */ = {
			isa = PBXFrameworksBuildPhase;
			buildActionMask = 2147483647;
			files = (
			);
			runOnlyForDeploymentPostprocessing = 0;
		};
/* End PBXFrameworksBuildPhase section */

/* Begin PBXGroup section */
		742321EA25C805450099C6C1 = {
			isa = PBXGroup;
			children = (
				742321F525C805450099C6C1 /* MoviePlayer */,
				742321F425C805450099C6C1 /* Products */,
			);
			sourceTree = "<group>";
		};
		742321F425C805450099C6C1 /* Products */ = {
			isa = PBXGroup;
			children = (
				742321F325C805450099C6C1 /* MoviePlayer.app */,
			);
			name = Products;
			sourceTree = "<group>";
		};
		742321F525C805450099C6C1 /* MoviePlayer */ = {
			isa = PBXGroup;
			children = (
				7423220B25C806A50099C6C1 /* FastTyping.jpg */,
				7423221025C806A60099C6C1 /* FastTyping.mp4 */,
				7423220C25C806A60099C6C1 /* Fireworks.jpg */,
				7423220D25C806A60099C6C1 /* Mountaineering.jpg */,
				7423220E25C806A60099C6C1 /* Mountaineering.mov */,
				7423220F25C806A60099C6C1 /* Seascape.jpg */,
				742321F625C805450099C6C1 /* AppDelegate.swift */,
				742321F825C805450099C6C1 /* SceneDelegate.swift */,
				742321FA25C805450099C6C1 /* ViewController.swift */,
				742321FC25C805450099C6C1 /* Main.storyboard */,
				742321FF25C805480099C6C1 /* Assets.xcassets */,
				7423220125C805480099C6C1 /* LaunchScreen.storyboard */,
				7423220425C805480099C6C1 /* Info.plist */,
			);
			path = MoviePlayer;
			sourceTree = "<group>";
		};
/* End PBXGroup section */

/* Begin PBXNativeTarget section */
		742321F225C805450099C6C1 /* MoviePlayer */ = {
			isa = PBXNativeTarget;
			buildConfigurationList = 7423220725C805480099C6C1 /* Build configuration list for PBXNativeTarget "MoviePlayer" */;
			buildPhases = (
				742321EF25C805450099C6C1 /* Sources */,
				742321F025C805450099C6C1 /* Frameworks */,
				742321F125C805450099C6C1 /* Resources */,
			);
			buildRules = (
			);
			dependencies = (
			);
			name = MoviePlayer;
			productName = MoviePlayer;
			productReference = 742321F325C805450099C6C1 /* MoviePlayer.app */;
			productType = "com.apple.product-type.application";
		};
/* End PBXNativeTarget section */

/* Begin PBXProject section */
		742321EB25C805450099C6C1 /* Project object */ = {
			isa = PBXProject;
			attributes = {
				LastSwiftUpdateCheck = 1230;
				LastUpgradeCheck = 1230;
				TargetAttributes = {
					742321F225C805450099C6C1 = {
						CreatedOnToolsVersion = 12.3;
					};
				};
			};
			buildConfigurationList = 742321EE25C805450099C6C1 /* Build configuration list for PBXProject "MoviePlayer" */;
			compatibilityVersion = "Xcode 9.3";
			developmentRegion = en;
			hasScannedForEncodings = 0;
			knownRegions = (
				en,
				Base,
			);
			mainGroup = 742321EA25C805450099C6C1;
			productRefGroup = 742321F425C805450099C6C1 /* Products */;
			projectDirPath = "";
			projectRoot = "";
			targets = (
				742321F225C805450099C6C1 /* MoviePlayer */,
			);
		};
/* End PBXProject section */

/* Begin PBXResourcesBuildPhase section */
		742321F125C805450099C6C1 /* Resources */ = {
			isa = PBXResourcesBuildPhase;
			buildActionMask = 2147483647;
			files = (
				7423221525C806A60099C6C1 /* Seascape.jpg in Resources */,
				7423221225C806A60099C6C1 /* Fireworks.jpg in Resources */,
				7423220325C805480099C6C1 /* LaunchScreen.storyboard in Resources */,
				7423220025C805480099C6C1 /* Assets.xcassets in Resources */,
				7423221125C806A60099C6C1 /* FastTyping.jpg in Resources */,
				7423221325C806A60099C6C1 /* Mountaineering.jpg in Resources */,
				7423221425C806A60099C6C1 /* Mountaineering.mov in Resources */,
				742321FE25C805450099C6C1 /* Main.storyboard in Resources */,
				7423221625C806A60099C6C1 /* FastTyping.mp4 in Resources */,
			);
			runOnlyForDeploymentPostprocessing = 0;
		};
/* End PBXResourcesBuildPhase section */

/* Begin PBXSourcesBuildPhase section */
		742321EF25C805450099C6C1 /* Sources */ = {
			isa = PBXSourcesBuildPhase;
			buildActionMask = 2147483647;
			files = (
				742321FB25C805450099C6C1 /* ViewController.swift in Sources */,
				742321F725C805450099C6C1 /* AppDelegate.swift in Sources */,
				742321F925C805450099C6C1 /* SceneDelegate.swift in Sources */,
			);
			runOnlyForDeploymentPostprocessing = 0;
		};
/* End PBXSourcesBuildPhase section */

/* Begin PBXVariantGroup section */
		742321FC25C805450099C6C1 /* Main.storyboard */ = {
			isa = PBXVariantGroup;
			children = (
				742321FD25C805450099C6C1 /* Base */,
			);
			name = Main.storyboard;
			sourceTree = "<group>";
		};
		7423220125C805480099C6C1 /* LaunchScreen.storyboard */ = {
			isa = PBXVariantGroup;
			children = (
				7423220225C805480099C6C1 /* Base */,
			);
			name = LaunchScreen.storyboard;
			sourceTree = "<group>";
		};
/* End PBXVariantGroup section */

/* Begin XCBuildConfiguration section */
		7423220525C805480099C6C1 /* Debug */ = {
			isa = XCBuildConfiguration;
			buildSettings = {
				ALWAYS_SEARCH_USER_PATHS = NO;
				CLANG_ANALYZER_NONNULL = YES;
				CLANG_ANALYZER_NUMBER_OBJECT_CONVERSION = YES_AGGRESSIVE;
				CLANG_CXX_LANGUAGE_STANDARD = "gnu++14";
				CLANG_CXX_LIBRARY = "libc++";
				CLANG_ENABLE_MODULES = YES;
				CLANG_ENABLE_OBJC_ARC = YES;
				CLANG_ENABLE_OBJC_WEAK = YES;
				CLANG_WARN_BLOCK_CAPTURE_AUTORELEASING = YES;
				CLANG_WARN_BOOL_CONVERSION = YES;
				CLANG_WARN_COMMA = YES;
				CLANG_WARN_CONSTANT_CONVERSION = YES;
				CLANG_WARN_DEPRECATED_OBJC_IMPLEMENTATIONS = YES;
				CLANG_WARN_DIRECT_OBJC_ISA_USAGE = YES_ERROR;
				CLANG_WARN_DOCUMENTATION_COMMENTS = YES;
				CLANG_WARN_EMPTY_BODY = YES;
				CLANG_WARN_ENUM_CONVERSION = YES;
				CLANG_WARN_INFINITE_RECURSION = YES;
				CLANG_WARN_INT_CONVERSION = YES;
				CLANG_WARN_NON_LITERAL_NULL_CONVERSION = YES;
				CLANG_WARN_OBJC_IMPLICIT_RETAIN_SELF = YES;
				CLANG_WARN_OBJC_LITERAL_CONVERSION = YES;
				CLANG_WARN_OBJC_ROOT_CLASS = YES_ERROR;
				CLANG_WARN_QUOTED_INCLUDE_IN_FRAMEWORK_HEADER = YES;
				CLANG_WARN_RANGE_LOOP_ANALYSIS = YES;
				CLANG_WARN_STRICT_PROTOTYPES = YES;
				CLANG_WARN_SUSPICIOUS_MOVE = YES;
				CLANG_WARN_UNGUARDED_AVAILABILITY = YES_AGGRESSIVE;
				CLANG_WARN_UNREACHABLE_CODE = YES;
				CLANG_WARN__DUPLICATE_METHOD_MATCH = YES;
				COPY_PHASE_STRIP = NO;
				DEBUG_INFORMATION_FORMAT = dwarf;
				ENABLE_STRICT_OBJC_MSGSEND = YES;
				ENABLE_TESTABILITY = YES;
				GCC_C_LANGUAGE_STANDARD = gnu11;
				GCC_DYNAMIC_NO_PIC = NO;
				GCC_NO_COMMON_BLOCKS = YES;
				GCC_OPTIMIZATION_LEVEL = 0;
				GCC_PREPROCESSOR_DEFINITIONS = (
					"DEBUG=1",
					"$(inherited)",
				);
				GCC_WARN_64_TO_32_BIT_CONVERSION = YES;
				GCC_WARN_ABOUT_RETURN_TYPE = YES_ERROR;
				GCC_WARN_UNDECLARED_SELECTOR = YES;
				GCC_WARN_UNINITIALIZED_AUTOS = YES_AGGRESSIVE;
				GCC_WARN_UNUSED_FUNCTION = YES;
				GCC_WARN_UNUSED_VARIABLE = YES;
				IPHONEOS_DEPLOYMENT_TARGET = 14.3;
				MTL_ENABLE_DEBUG_INFO = INCLUDE_SOURCE;
				MTL_FAST_MATH = YES;
				ONLY_ACTIVE_ARCH = YES;
				SDKROOT = iphoneos;
				SWIFT_ACTIVE_COMPILATION_CONDITIONS = DEBUG;
				SWIFT_OPTIMIZATION_LEVEL = "-Onone";
			};
			name = Debug;
		};
		7423220625C805480099C6C1 /* Release */ = {
			isa = XCBuildConfiguration;
			buildSettings = {
				ALWAYS_SEARCH_USER_PATHS = NO;
				CLANG_ANALYZER_NONNULL = YES;
				CLANG_ANALYZER_NUMBER_OBJECT_CONVERSION = YES_AGGRESSIVE;
				CLANG_CXX_LANGUAGE_STANDARD = "gnu++14";
				CLANG_CXX_LIBRARY = "libc++";
				CLANG_ENABLE_MODULES = YES;
				CLANG_ENABLE_OBJC_ARC = YES;
				CLANG_ENABLE_OBJC_WEAK = YES;
				CLANG_WARN_BLOCK_CAPTURE_AUTORELEASING = YES;
				CLANG_WARN_BOOL_CONVERSION = YES;
				CLANG_WARN_COMMA = YES;
				CLANG_WARN_CONSTANT_CONVERSION = YES;
				CLANG_WARN_DEPRECATED_OBJC_IMPLEMENTATIONS = YES;
				CLANG_WARN_DIRECT_OBJC_ISA_USAGE = YES_ERROR;
				CLANG_WARN_DOCUMENTATION_COMMENTS = YES;
				CLANG_WARN_EMPTY_BODY = YES;
				CLANG_WARN_ENUM_CONVERSION = YES;
				CLANG_WARN_INFINITE_RECURSION = YES;
				CLANG_WARN_INT_CONVERSION = YES;
				CLANG_WARN_NON_LITERAL_NULL_CONVERSION = YES;
				CLANG_WARN_OBJC_IMPLICIT_RETAIN_SELF = YES;
				CLANG_WARN_OBJC_LITERAL_CONVERSION = YES;
				CLANG_WARN_OBJC_ROOT_CLASS = YES_ERROR;
				CLANG_WARN_QUOTED_INCLUDE_IN_FRAMEWORK_HEADER = YES;
				CLANG_WARN_RANGE_LOOP_ANALYSIS = YES;
				CLANG_WARN_STRICT_PROTOTYPES = YES;
				CLANG_WARN_SUSPICIOUS_MOVE = YES;
				CLANG_WARN_UNGUARDED_AVAILABILITY = YES_AGGRESSIVE;
				CLANG_WARN_UNREACHABLE_CODE = YES;
				CLANG_WARN__DUPLICATE_METHOD_MATCH = YES;
				COPY_PHASE_STRIP = NO;
				DEBUG_INFORMATION_FORMAT = "dwarf-with-dsym";
				ENABLE_NS_ASSERTIONS = NO;
				ENABLE_STRICT_OBJC_MSGSEND = YES;
				GCC_C_LANGUAGE_STANDARD = gnu11;
				GCC_NO_COMMON_BLOCKS = YES;
				GCC_WARN_64_TO_32_BIT_CONVERSION = YES;
				GCC_WARN_ABOUT_RETURN_TYPE = YES_ERROR;
				GCC_WARN_UNDECLARED_SELECTOR = YES;
				GCC_WARN_UNINITIALIZED_AUTOS = YES_AGGRESSIVE;
				GCC_WARN_UNUSED_FUNCTION = YES;
				GCC_WARN_UNUSED_VARIABLE = YES;
				IPHONEOS_DEPLOYMENT_TARGET = 14.3;
				MTL_ENABLE_DEBUG_INFO = NO;
				MTL_FAST_MATH = YES;
				SDKROOT = iphoneos;
				SWIFT_COMPILATION_MODE = wholemodule;
				SWIFT_OPTIMIZATION_LEVEL = "-O";
				VALIDATE_PRODUCT = YES;
			};
			name = Release;
		};
		7423220825C805480099C6C1 /* Debug */ = {
			isa = XCBuildConfiguration;
			buildSettings = {
				ASSETCATALOG_COMPILER_APPICON_NAME = AppIcon;
				ASSETCATALOG_COMPILER_GLOBAL_ACCENT_COLOR_NAME = AccentColor;
				CODE_SIGN_STYLE = Automatic;
				DEVELOPMENT_TEAM = 7Q4Y2N8VX8;
				INFOPLIST_FILE = MoviePlayer/Info.plist;
				LD_RUNPATH_SEARCH_PATHS = (
					"$(inherited)",
					"@executable_path/Frameworks",
				);
				PRODUCT_BUNDLE_IDENTIFIER = com.jjuyaa.MoviePlayer;
				PRODUCT_NAME = "$(TARGET_NAME)";
				SWIFT_VERSION = 5.0;
				TARGETED_DEVICE_FAMILY = "1,2";
			};
			name = Debug;
		};
		7423220925C805480099C6C1 /* Release */ = {
			isa = XCBuildConfiguration;
			buildSettings = {
				ASSETCATALOG_COMPILER_APPICON_NAME = AppIcon;
				ASSETCATALOG_COMPILER_GLOBAL_ACCENT_COLOR_NAME = AccentColor;
				CODE_SIGN_STYLE = Automatic;
				DEVELOPMENT_TEAM = 7Q4Y2N8VX8;
				INFOPLIST_FILE = MoviePlayer/Info.plist;
				LD_RUNPATH_SEARCH_PATHS = (
					"$(inherited)",
					"@executable_path/Frameworks",
				);
				PRODUCT_BUNDLE_IDENTIFIER = com.jjuyaa.MoviePlayer;
				PRODUCT_NAME = "$(TARGET_NAME)";
				SWIFT_VERSION = 5.0;
				TARGETED_DEVICE_FAMILY = "1,2";
			};
			name = Release;
		};
/* End XCBuildConfiguration section */

/* Begin XCConfigurationList section */
		742321EE25C805450099C6C1 /* Build configuration list for PBXProject "MoviePlayer" */ = {
			isa = XCConfigurationList;
			buildConfigurations = (
				7423220525C805480099C6C1 /* Debug */,
				7423220625C805480099C6C1 /* Release */,
			);
			defaultConfigurationIsVisible = 0;
			defaultConfigurationName = Release;
		};
		7423220725C805480099C6C1 /* Build configuration list for PBXNativeTarget "MoviePlayer" */ = {
			isa = XCConfigurationList;
			buildConfigurations = (
				7423220825C805480099C6C1 /* Debug */,
				7423220925C805480099C6C1 /* Release */,
			);
			defaultConfigurationIsVisible = 0;
			defaultConfigurationName = Release;
		};
/* End XCConfigurationList section */
	};
	rootObject = 742321EB25C805450099C6C1 /* Project object */;
}
