// !$*UTF8*$!
{
	archiveVersion = 1;
	classes = {
	};
	objectVersion = 50;
	objects = {

/* Begin PBXBuildFile section */
		744C4FE925AC3F6700574991 /* AppDelegate.swift in Sources */ = {isa = PBXBuildFile; fileRef = 744C4FE825AC3F6700574991 /* AppDelegate.swift */; };
		744C4FEB25AC3F6700574991 /* SceneDelegate.swift in Sources */ = {isa = PBXBuildFile; fileRef = 744C4FEA25AC3F6700574991 /* SceneDelegate.swift */; };
		744C4FED25AC3F6700574991 /* ViewController.swift in Sources */ = {isa = PBXBuildFile; fileRef = 744C4FEC25AC3F6700574991 /* ViewController.swift */; };
		744C4FF025AC3F6700574991 /* Main.storyboard in Resources */ = {isa = PBXBuildFile; fileRef = 744C4FEE25AC3F6700574991 /* Main.storyboard */; };
		744C4FF225AC3F6800574991 /* Assets.xcassets in Resources */ = {isa = PBXBuildFile; fileRef = 744C4FF125AC3F6800574991 /* Assets.xcassets */; };
		744C4FF525AC3F6800574991 /* LaunchScreen.storyboard in Resources */ = {isa = PBXBuildFile; fileRef = 744C4FF325AC3F6800574991 /* LaunchScreen.storyboard */; };
		744C500425AC47DF00574991 /* 06.png in Resources */ = {isa = PBXBuildFile; fileRef = 744C4FFE25AC47DE00574991 /* 06.png */; };
		744C500525AC47DF00574991 /* 04.png in Resources */ = {isa = PBXBuildFile; fileRef = 744C4FFF25AC47DF00574991 /* 04.png */; };
		744C500625AC47DF00574991 /* 03.png in Resources */ = {isa = PBXBuildFile; fileRef = 744C500025AC47DF00574991 /* 03.png */; };
		744C500725AC47DF00574991 /* 01.png in Resources */ = {isa = PBXBuildFile; fileRef = 744C500125AC47DF00574991 /* 01.png */; };
		744C500825AC47DF00574991 /* 02.png in Resources */ = {isa = PBXBuildFile; fileRef = 744C500225AC47DF00574991 /* 02.png */; };
		744C500925AC47DF00574991 /* 05.png in Resources */ = {isa = PBXBuildFile; fileRef = 744C500325AC47DF00574991 /* 05.png */; };
/* End PBXBuildFile section */

/* Begin PBXFileReference section */
		744C4FE525AC3F6700574991 /* PageControl.app */ = {isa = PBXFileReference; explicitFileType = wrapper.application; includeInIndex = 0; path = PageControl.app; sourceTree = BUILT_PRODUCTS_DIR; };
		744C4FE825AC3F6700574991 /* AppDelegate.swift */ = {isa = PBXFileReference; lastKnownFileType = sourcecode.swift; path = AppDelegate.swift; sourceTree = "<group>"; };
		744C4FEA25AC3F6700574991 /* SceneDelegate.swift */ = {isa = PBXFileReference; lastKnownFileType = sourcecode.swift; path = SceneDelegate.swift; sourceTree = "<group>"; };
		744C4FEC25AC3F6700574991 /* ViewController.swift */ = {isa = PBXFileReference; lastKnownFileType = sourcecode.swift; path = ViewController.swift; sourceTree = "<group>"; };
		744C4FEF25AC3F6700574991 /* Base */ = {isa = PBXFileReference; lastKnownFileType = file.storyboard; name = Base; path = Base.lproj/Main.storyboard; sourceTree = "<group>"; };
		744C4FF125AC3F6800574991 /* Assets.xcassets */ = {isa = PBXFileReference; lastKnownFileType = folder.assetcatalog; path = Assets.xcassets; sourceTree = "<group>"; };
		744C4FF425AC3F6800574991 /* Base */ = {isa = PBXFileReference; lastKnownFileType = file.storyboard; name = Base; path = Base.lproj/LaunchScreen.storyboard; sourceTree = "<group>"; };
		744C4FF625AC3F6800574991 /* Info.plist */ = {isa = PBXFileReference; lastKnownFileType = text.plist.xml; path = Info.plist; sourceTree = "<group>"; };
		744C4FFE25AC47DE00574991 /* 06.png */ = {isa = PBXFileReference; lastKnownFileType = image.png; path = 06.png; sourceTree = "<group>"; };
		744C4FFF25AC47DF00574991 /* 04.png */ = {isa = PBXFileReference; lastKnownFileType = image.png; path = 04.png; sourceTree = "<group>"; };
		744C500025AC47DF00574991 /* 03.png */ = {isa = PBXFileReference; lastKnownFileType = image.png; path = 03.png; sourceTree = "<group>"; };
		744C500125AC47DF00574991 /* 01.png */ = {isa = PBXFileReference; lastKnownFileType = image.png; path = 01.png; sourceTree = "<group>"; };
		744C500225AC47DF00574991 /* 02.png */ = {isa = PBXFileReference; lastKnownFileType = image.png; path = 02.png; sourceTree = "<group>"; };
		744C500325AC47DF00574991 /* 05.png */ = {isa = PBXFileReference; lastKnownFileType = image.png; path = 05.png; sourceTree = "<group>"; };
/* End PBXFileReference section */

/* Begin PBXFrameworksBuildPhase section */
		744C4FE225AC3F6700574991 /* Frameworks */ = {
			isa = PBXFrameworksBuildPhase;
			buildActionMask = 2147483647;
			files = (
			);
			runOnlyForDeploymentPostprocessing = 0;
		};
/* End PBXFrameworksBuildPhase section */

/* Begin PBXGroup section */
		744C4FDC25AC3F6700574991 = {
			isa = PBXGroup;
			children = (
				744C4FE725AC3F6700574991 /* PageControl */,
				744C4FE625AC3F6700574991 /* Products */,
			);
			sourceTree = "<group>";
		};
		744C4FE625AC3F6700574991 /* Products */ = {
			isa = PBXGroup;
			children = (
				744C4FE525AC3F6700574991 /* PageControl.app */,
			);
			name = Products;
			sourceTree = "<group>";
		};
		744C4FE725AC3F6700574991 /* PageControl */ = {
			isa = PBXGroup;
			children = (
				744C4FFD25AC464300574991 /* Images */,
				744C4FE825AC3F6700574991 /* AppDelegate.swift */,
				744C4FEA25AC3F6700574991 /* SceneDelegate.swift */,
				744C4FEC25AC3F6700574991 /* ViewController.swift */,
				744C4FEE25AC3F6700574991 /* Main.storyboard */,
				744C4FF125AC3F6800574991 /* Assets.xcassets */,
				744C4FF325AC3F6800574991 /* LaunchScreen.storyboard */,
				744C4FF625AC3F6800574991 /* Info.plist */,
			);
			path = PageControl;
			sourceTree = "<group>";
		};
		744C4FFD25AC464300574991 /* Images */ = {
			isa = PBXGroup;
			children = (
				744C500125AC47DF00574991 /* 01.png */,
				744C500225AC47DF00574991 /* 02.png */,
				744C500025AC47DF00574991 /* 03.png */,
				744C4FFF25AC47DF00574991 /* 04.png */,
				744C500325AC47DF00574991 /* 05.png */,
				744C4FFE25AC47DE00574991 /* 06.png */,
			);
			path = Images;
			sourceTree = "<group>";
		};
/* End PBXGroup section */

/* Begin PBXNativeTarget section */
		744C4FE425AC3F6700574991 /* PageControl */ = {
			isa = PBXNativeTarget;
			buildConfigurationList = 744C4FF925AC3F6800574991 /* Build configuration list for PBXNativeTarget "PageControl" */;
			buildPhases = (
				744C4FE125AC3F6700574991 /* Sources */,
				744C4FE225AC3F6700574991 /* Frameworks */,
				744C4FE325AC3F6700574991 /* Resources */,
			);
			buildRules = (
			);
			dependencies = (
			);
			name = PageControl;
			productName = PageControl;
			productReference = 744C4FE525AC3F6700574991 /* PageControl.app */;
			productType = "com.apple.product-type.application";
		};
/* End PBXNativeTarget section */

/* Begin PBXProject section */
		744C4FDD25AC3F6700574991 /* Project object */ = {
			isa = PBXProject;
			attributes = {
				LastSwiftUpdateCheck = 1230;
				LastUpgradeCheck = 1230;
				TargetAttributes = {
					744C4FE425AC3F6700574991 = {
						CreatedOnToolsVersion = 12.3;
					};
				};
			};
			buildConfigurationList = 744C4FE025AC3F6700574991 /* Build configuration list for PBXProject "PageControl" */;
			compatibilityVersion = "Xcode 9.3";
			developmentRegion = en;
			hasScannedForEncodings = 0;
			knownRegions = (
				en,
				Base,
			);
			mainGroup = 744C4FDC25AC3F6700574991;
			productRefGroup = 744C4FE625AC3F6700574991 /* Products */;
			projectDirPath = "";
			projectRoot = "";
			targets = (
				744C4FE425AC3F6700574991 /* PageControl */,
			);
		};
/* End PBXProject section */

/* Begin PBXResourcesBuildPhase section */
		744C4FE325AC3F6700574991 /* Resources */ = {
			isa = PBXResourcesBuildPhase;
			buildActionMask = 2147483647;
			files = (
				744C500525AC47DF00574991 /* 04.png in Resources */,
				744C4FF525AC3F6800574991 /* LaunchScreen.storyboard in Resources */,
				744C4FF225AC3F6800574991 /* Assets.xcassets in Resources */,
				744C500825AC47DF00574991 /* 02.png in Resources */,
				744C4FF025AC3F6700574991 /* Main.storyboard in Resources */,
				744C500925AC47DF00574991 /* 05.png in Resources */,
				744C500625AC47DF00574991 /* 03.png in Resources */,
				744C500425AC47DF00574991 /* 06.png in Resources */,
				744C500725AC47DF00574991 /* 01.png in Resources */,
			);
			runOnlyForDeploymentPostprocessing = 0;
		};
/* End PBXResourcesBuildPhase section */

/* Begin PBXSourcesBuildPhase section */
		744C4FE125AC3F6700574991 /* Sources */ = {
			isa = PBXSourcesBuildPhase;
			buildActionMask = 2147483647;
			files = (
				744C4FED25AC3F6700574991 /* ViewController.swift in Sources */,
				744C4FE925AC3F6700574991 /* AppDelegate.swift in Sources */,
				744C4FEB25AC3F6700574991 /* SceneDelegate.swift in Sources */,
			);
			runOnlyForDeploymentPostprocessing = 0;
		};
/* End PBXSourcesBuildPhase section */

/* Begin PBXVariantGroup section */
		744C4FEE25AC3F6700574991 /* Main.storyboard */ = {
			isa = PBXVariantGroup;
			children = (
				744C4FEF25AC3F6700574991 /* Base */,
			);
			name = Main.storyboard;
			sourceTree = "<group>";
		};
		744C4FF325AC3F6800574991 /* LaunchScreen.storyboard */ = {
			isa = PBXVariantGroup;
			children = (
				744C4FF425AC3F6800574991 /* Base */,
			);
			name = LaunchScreen.storyboard;
			sourceTree = "<group>";
		};
/* End PBXVariantGroup section */

/* Begin XCBuildConfiguration section */
		744C4FF725AC3F6800574991 /* Debug */ = {
			isa = XCBuildConfiguration;
			buildSettings = {
				ALWAYS_SEARCH_USER_PATHS = NO;
				CLANG_ANALYZER_NONNULL = YES;
				CLANG_ANALYZER_NUMBER_OBJECT_CONVERSION = YES_AGGRESSIVE;
				CLANG_CXX_LANGUAGE_STANDARD = "gnu++14";
				CLANG_CXX_LIBRARY = "libc++";
				CLANG_ENABLE_MODULES = YES;
				CLANG_ENABLE_OBJC_ARC = YES;
				CLANG_ENABLE_OBJC_WEAK = YES;
				CLANG_WARN_BLOCK_CAPTURE_AUTORELEASING = YES;
				CLANG_WARN_BOOL_CONVERSION = YES;
				CLANG_WARN_COMMA = YES;
				CLANG_WARN_CONSTANT_CONVERSION = YES;
				CLANG_WARN_DEPRECATED_OBJC_IMPLEMENTATIONS = YES;
				CLANG_WARN_DIRECT_OBJC_ISA_USAGE = YES_ERROR;
				CLANG_WARN_DOCUMENTATION_COMMENTS = YES;
				CLANG_WARN_EMPTY_BODY = YES;
				CLANG_WARN_ENUM_CONVERSION = YES;
				CLANG_WARN_INFINITE_RECURSION = YES;
				CLANG_WARN_INT_CONVERSION = YES;
				CLANG_WARN_NON_LITERAL_NULL_CONVERSION = YES;
				CLANG_WARN_OBJC_IMPLICIT_RETAIN_SELF = YES;
				CLANG_WARN_OBJC_LITERAL_CONVERSION = YES;
				CLANG_WARN_OBJC_ROOT_CLASS = YES_ERROR;
				CLANG_WARN_QUOTED_INCLUDE_IN_FRAMEWORK_HEADER = YES;
				CLANG_WARN_RANGE_LOOP_ANALYSIS = YES;
				CLANG_WARN_STRICT_PROTOTYPES = YES;
				CLANG_WARN_SUSPICIOUS_MOVE = YES;
				CLANG_WARN_UNGUARDED_AVAILABILITY = YES_AGGRESSIVE;
				CLANG_WARN_UNREACHABLE_CODE = YES;
				CLANG_WARN__DUPLICATE_METHOD_MATCH = YES;
				COPY_PHASE_STRIP = NO;
				DEBUG_INFORMATION_FORMAT = dwarf;
				ENABLE_STRICT_OBJC_MSGSEND = YES;
				ENABLE_TESTABILITY = YES;
				GCC_C_LANGUAGE_STANDARD = gnu11;
				GCC_DYNAMIC_NO_PIC = NO;
				GCC_NO_COMMON_BLOCKS = YES;
				GCC_OPTIMIZATION_LEVEL = 0;
				GCC_PREPROCESSOR_DEFINITIONS = (
					"DEBUG=1",
					"$(inherited)",
				);
				GCC_WARN_64_TO_32_BIT_CONVERSION = YES;
				GCC_WARN_ABOUT_RETURN_TYPE = YES_ERROR;
				GCC_WARN_UNDECLARED_SELECTOR = YES;
				GCC_WARN_UNINITIALIZED_AUTOS = YES_AGGRESSIVE;
				GCC_WARN_UNUSED_FUNCTION = YES;
				GCC_WARN_UNUSED_VARIABLE = YES;
				IPHONEOS_DEPLOYMENT_TARGET = 14.3;
				MTL_ENABLE_DEBUG_INFO = INCLUDE_SOURCE;
				MTL_FAST_MATH = YES;
				ONLY_ACTIVE_ARCH = YES;
				SDKROOT = iphoneos;
				SWIFT_ACTIVE_COMPILATION_CONDITIONS = DEBUG;
				SWIFT_OPTIMIZATION_LEVEL = "-Onone";
			};
			name = Debug;
		};
		744C4FF825AC3F6800574991 /* Release */ = {
			isa = XCBuildConfiguration;
			buildSettings = {
				ALWAYS_SEARCH_USER_PATHS = NO;
				CLANG_ANALYZER_NONNULL = YES;
				CLANG_ANALYZER_NUMBER_OBJECT_CONVERSION = YES_AGGRESSIVE;
				CLANG_CXX_LANGUAGE_STANDARD = "gnu++14";
				CLANG_CXX_LIBRARY = "libc++";
				CLANG_ENABLE_MODULES = YES;
				CLANG_ENABLE_OBJC_ARC = YES;
				CLANG_ENABLE_OBJC_WEAK = YES;
				CLANG_WARN_BLOCK_CAPTURE_AUTORELEASING = YES;
				CLANG_WARN_BOOL_CONVERSION = YES;
				CLANG_WARN_COMMA = YES;
				CLANG_WARN_CONSTANT_CONVERSION = YES;
				CLANG_WARN_DEPRECATED_OBJC_IMPLEMENTATIONS = YES;
				CLANG_WARN_DIRECT_OBJC_ISA_USAGE = YES_ERROR;
				CLANG_WARN_DOCUMENTATION_COMMENTS = YES;
				CLANG_WARN_EMPTY_BODY = YES;
				CLANG_WARN_ENUM_CONVERSION = YES;
				CLANG_WARN_INFINITE_RECURSION = YES;
				CLANG_WARN_INT_CONVERSION = YES;
				CLANG_WARN_NON_LITERAL_NULL_CONVERSION = YES;
				CLANG_WARN_OBJC_IMPLICIT_RETAIN_SELF = YES;
				CLANG_WARN_OBJC_LITERAL_CONVERSION = YES;
				CLANG_WARN_OBJC_ROOT_CLASS = YES_ERROR;
				CLANG_WARN_QUOTED_INCLUDE_IN_FRAMEWORK_HEADER = YES;
				CLANG_WARN_RANGE_LOOP_ANALYSIS = YES;
				CLANG_WARN_STRICT_PROTOTYPES = YES;
				CLANG_WARN_SUSPICIOUS_MOVE = YES;
				CLANG_WARN_UNGUARDED_AVAILABILITY = YES_AGGRESSIVE;
				CLANG_WARN_UNREACHABLE_CODE = YES;
				CLANG_WARN__DUPLICATE_METHOD_MATCH = YES;
				COPY_PHASE_STRIP = NO;
				DEBUG_INFORMATION_FORMAT = "dwarf-with-dsym";
				ENABLE_NS_ASSERTIONS = NO;
				ENABLE_STRICT_OBJC_MSGSEND = YES;
				GCC_C_LANGUAGE_STANDARD = gnu11;
				GCC_NO_COMMON_BLOCKS = YES;
				GCC_WARN_64_TO_32_BIT_CONVERSION = YES;
				GCC_WARN_ABOUT_RETURN_TYPE = YES_ERROR;
				GCC_WARN_UNDECLARED_SELECTOR = YES;
				GCC_WARN_UNINITIALIZED_AUTOS = YES_AGGRESSIVE;
				GCC_WARN_UNUSED_FUNCTION = YES;
				GCC_WARN_UNUSED_VARIABLE = YES;
				IPHONEOS_DEPLOYMENT_TARGET = 14.3;
				MTL_ENABLE_DEBUG_INFO = NO;
				MTL_FAST_MATH = YES;
				SDKROOT = iphoneos;
				SWIFT_COMPILATION_MODE = wholemodule;
				SWIFT_OPTIMIZATION_LEVEL = "-O";
				VALIDATE_PRODUCT = YES;
			};
			name = Release;
		};
		744C4FFA25AC3F6800574991 /* Debug */ = {
			isa = XCBuildConfiguration;
			buildSettings = {
				ASSETCATALOG_COMPILER_APPICON_NAME = AppIcon;
				ASSETCATALOG_COMPILER_GLOBAL_ACCENT_COLOR_NAME = AccentColor;
				CODE_SIGN_STYLE = Automatic;
				DEVELOPMENT_TEAM = 7Q4Y2N8VX8;
				INFOPLIST_FILE = PageControl/Info.plist;
				LD_RUNPATH_SEARCH_PATHS = (
					"$(inherited)",
					"@executable_path/Frameworks",
				);
				PRODUCT_BUNDLE_IDENTIFIER = com.jjuyaa.PageControl;
				PRODUCT_NAME = "$(TARGET_NAME)";
				SWIFT_VERSION = 5.0;
				TARGETED_DEVICE_FAMILY = "1,2";
			};
			name = Debug;
		};
		744C4FFB25AC3F6800574991 /* Release */ = {
			isa = XCBuildConfiguration;
			buildSettings = {
				ASSETCATALOG_COMPILER_APPICON_NAME = AppIcon;
				ASSETCATALOG_COMPILER_GLOBAL_ACCENT_COLOR_NAME = AccentColor;
				CODE_SIGN_STYLE = Automatic;
				DEVELOPMENT_TEAM = 7Q4Y2N8VX8;
				INFOPLIST_FILE = PageControl/Info.plist;
				LD_RUNPATH_SEARCH_PATHS = (
					"$(inherited)",
					"@executable_path/Frameworks",
				);
				PRODUCT_BUNDLE_IDENTIFIER = com.jjuyaa.PageControl;
				PRODUCT_NAME = "$(TARGET_NAME)";
				SWIFT_VERSION = 5.0;
				TARGETED_DEVICE_FAMILY = "1,2";
			};
			name = Release;
		};
/* End XCBuildConfiguration section */

/* Begin XCConfigurationList section */
		744C4FE025AC3F6700574991 /* Build configuration list for PBXProject "PageControl" */ = {
			isa = XCConfigurationList;
			buildConfigurations = (
				744C4FF725AC3F6800574991 /* Debug */,
				744C4FF825AC3F6800574991 /* Release */,
			);
			defaultConfigurationIsVisible = 0;
			defaultConfigurationName = Release;
		};
		744C4FF925AC3F6800574991 /* Build configuration list for PBXNativeTarget "PageControl" */ = {
			isa = XCConfigurationList;
			buildConfigurations = (
				744C4FFA25AC3F6800574991 /* Debug */,
				744C4FFB25AC3F6800574991 /* Release */,
			);
			defaultConfigurationIsVisible = 0;
			defaultConfigurationName = Release;
		};
/* End XCConfigurationList section */
	};
	rootObject = 744C4FDD25AC3F6700574991 /* Project object */;
}
