// !$*UTF8*$!
{
	archiveVersion = 1;
	classes = {
	};
	objectVersion = 50;
	objects = {

/* Begin PBXBuildFile section */
		7423217725C7F4990099C6C1 /* AppDelegate.swift in Sources */ = {isa = PBXBuildFile; fileRef = 7423217625C7F4990099C6C1 /* AppDelegate.swift */; };
		7423217925C7F4990099C6C1 /* SceneDelegate.swift in Sources */ = {isa = PBXBuildFile; fileRef = 7423217825C7F4990099C6C1 /* SceneDelegate.swift */; };
		7423217B25C7F4990099C6C1 /* ViewController.swift in Sources */ = {isa = PBXBuildFile; fileRef = 7423217A25C7F4990099C6C1 /* ViewController.swift */; };
		7423217E25C7F4990099C6C1 /* Main.storyboard in Resources */ = {isa = PBXBuildFile; fileRef = 7423217C25C7F4990099C6C1 /* Main.storyboard */; };
		7423218025C7F49B0099C6C1 /* Assets.xcassets in Resources */ = {isa = PBXBuildFile; fileRef = 7423217F25C7F49B0099C6C1 /* Assets.xcassets */; };
		7423218325C7F49B0099C6C1 /* LaunchScreen.storyboard in Resources */ = {isa = PBXBuildFile; fileRef = 7423218125C7F49B0099C6C1 /* LaunchScreen.storyboard */; };
		7423219825C7F78B0099C6C1 /* arrow-right-black.png in Resources */ = {isa = PBXBuildFile; fileRef = 7423218C25C7F78A0099C6C1 /* arrow-right-black.png */; };
		7423219925C7F78B0099C6C1 /* arrow-right-green.png in Resources */ = {isa = PBXBuildFile; fileRef = 7423218D25C7F78A0099C6C1 /* arrow-right-green.png */; };
		7423219A25C7F78B0099C6C1 /* arrow-up-black.png in Resources */ = {isa = PBXBuildFile; fileRef = 7423218E25C7F78A0099C6C1 /* arrow-up-black.png */; };
		7423219B25C7F78B0099C6C1 /* arrow-left-green.png in Resources */ = {isa = PBXBuildFile; fileRef = 7423218F25C7F78A0099C6C1 /* arrow-left-green.png */; };
		7423219C25C7F78B0099C6C1 /* arrow-up-green.png in Resources */ = {isa = PBXBuildFile; fileRef = 7423219025C7F78A0099C6C1 /* arrow-up-green.png */; };
		7423219D25C7F78B0099C6C1 /* arrow-left-black.png in Resources */ = {isa = PBXBuildFile; fileRef = 7423219125C7F78A0099C6C1 /* arrow-left-black.png */; };
		7423219E25C7F78B0099C6C1 /* arrow-right-red.png in Resources */ = {isa = PBXBuildFile; fileRef = 7423219225C7F78A0099C6C1 /* arrow-right-red.png */; };
		7423219F25C7F78B0099C6C1 /* arrow-down-green.png in Resources */ = {isa = PBXBuildFile; fileRef = 7423219325C7F78A0099C6C1 /* arrow-down-green.png */; };
		742321A025C7F78B0099C6C1 /* arrow-down-black.png in Resources */ = {isa = PBXBuildFile; fileRef = 7423219425C7F78A0099C6C1 /* arrow-down-black.png */; };
		742321A125C7F78B0099C6C1 /* arrow-down-red.png in Resources */ = {isa = PBXBuildFile; fileRef = 7423219525C7F78B0099C6C1 /* arrow-down-red.png */; };
		742321A225C7F78B0099C6C1 /* arrow-left-red.png in Resources */ = {isa = PBXBuildFile; fileRef = 7423219625C7F78B0099C6C1 /* arrow-left-red.png */; };
		742321A325C7F78B0099C6C1 /* arrow-up-red.png in Resources */ = {isa = PBXBuildFile; fileRef = 7423219725C7F78B0099C6C1 /* arrow-up-red.png */; };
/* End PBXBuildFile section */

/* Begin PBXFileReference section */
		7423217325C7F4990099C6C1 /* SwipeGesture.app */ = {isa = PBXFileReference; explicitFileType = wrapper.application; includeInIndex = 0; path = SwipeGesture.app; sourceTree = BUILT_PRODUCTS_DIR; };
		7423217625C7F4990099C6C1 /* AppDelegate.swift */ = {isa = PBXFileReference; lastKnownFileType = sourcecode.swift; path = AppDelegate.swift; sourceTree = "<group>"; };
		7423217825C7F4990099C6C1 /* SceneDelegate.swift */ = {isa = PBXFileReference; lastKnownFileType = sourcecode.swift; path = SceneDelegate.swift; sourceTree = "<group>"; };
		7423217A25C7F4990099C6C1 /* ViewController.swift */ = {isa = PBXFileReference; lastKnownFileType = sourcecode.swift; path = ViewController.swift; sourceTree = "<group>"; };
		7423217D25C7F4990099C6C1 /* Base */ = {isa = PBXFileReference; lastKnownFileType = file.storyboard; name = Base; path = Base.lproj/Main.storyboard; sourceTree = "<group>"; };
		7423217F25C7F49B0099C6C1 /* Assets.xcassets */ = {isa = PBXFileReference; lastKnownFileType = folder.assetcatalog; path = Assets.xcassets; sourceTree = "<group>"; };
		7423218225C7F49B0099C6C1 /* Base */ = {isa = PBXFileReference; lastKnownFileType = file.storyboard; name = Base; path = Base.lproj/LaunchScreen.storyboard; sourceTree = "<group>"; };
		7423218425C7F49B0099C6C1 /* Info.plist */ = {isa = PBXFileReference; lastKnownFileType = text.plist.xml; path = Info.plist; sourceTree = "<group>"; };
		7423218C25C7F78A0099C6C1 /* arrow-right-black.png */ = {isa = PBXFileReference; lastKnownFileType = image.png; path = "arrow-right-black.png"; sourceTree = "<group>"; };
		7423218D25C7F78A0099C6C1 /* arrow-right-green.png */ = {isa = PBXFileReference; lastKnownFileType = image.png; path = "arrow-right-green.png"; sourceTree = "<group>"; };
		7423218E25C7F78A0099C6C1 /* arrow-up-black.png */ = {isa = PBXFileReference; lastKnownFileType = image.png; path = "arrow-up-black.png"; sourceTree = "<group>"; };
		7423218F25C7F78A0099C6C1 /* arrow-left-green.png */ = {isa = PBXFileReference; lastKnownFileType = image.png; path = "arrow-left-green.png"; sourceTree = "<group>"; };
		7423219025C7F78A0099C6C1 /* arrow-up-green.png */ = {isa = PBXFileReference; lastKnownFileType = image.png; path = "arrow-up-green.png"; sourceTree = "<group>"; };
		7423219125C7F78A0099C6C1 /* arrow-left-black.png */ = {isa = PBXFileReference; lastKnownFileType = image.png; path = "arrow-left-black.png"; sourceTree = "<group>"; };
		7423219225C7F78A0099C6C1 /* arrow-right-red.png */ = {isa = PBXFileReference; lastKnownFileType = image.png; path = "arrow-right-red.png"; sourceTree = "<group>"; };
		7423219325C7F78A0099C6C1 /* arrow-down-green.png */ = {isa = PBXFileReference; lastKnownFileType = image.png; path = "arrow-down-green.png"; sourceTree = "<group>"; };
		7423219425C7F78A0099C6C1 /* arrow-down-black.png */ = {isa = PBXFileReference; lastKnownFileType = image.png; path = "arrow-down-black.png"; sourceTree = "<group>"; };
		7423219525C7F78B0099C6C1 /* arrow-down-red.png */ = {isa = PBXFileReference; lastKnownFileType = image.png; path = "arrow-down-red.png"; sourceTree = "<group>"; };
		7423219625C7F78B0099C6C1 /* arrow-left-red.png */ = {isa = PBXFileReference; lastKnownFileType = image.png; path = "arrow-left-red.png"; sourceTree = "<group>"; };
		7423219725C7F78B0099C6C1 /* arrow-up-red.png */ = {isa = PBXFileReference; lastKnownFileType = image.png; path = "arrow-up-red.png"; sourceTree = "<group>"; };
/* End PBXFileReference section */

/* Begin PBXFrameworksBuildPhase section */
		7423217025C7F4990099C6C1 /* Frameworks */ = {
			isa = PBXFrameworksBuildPhase;
			buildActionMask = 2147483647;
			files = (
			);
			runOnlyForDeploymentPostprocessing = 0;
		};
/* End PBXFrameworksBuildPhase section */

/* Begin PBXGroup section */
		7423216A25C7F4990099C6C1 = {
			isa = PBXGroup;
			children = (
				7423217525C7F4990099C6C1 /* SwipeGesture */,
				7423217425C7F4990099C6C1 /* Products */,
			);
			sourceTree = "<group>";
		};
		7423217425C7F4990099C6C1 /* Products */ = {
			isa = PBXGroup;
			children = (
				7423217325C7F4990099C6C1 /* SwipeGesture.app */,
			);
			name = Products;
			sourceTree = "<group>";
		};
		7423217525C7F4990099C6C1 /* SwipeGesture */ = {
			isa = PBXGroup;
			children = (
				7423218B25C7F7680099C6C1 /* images */,
				7423217625C7F4990099C6C1 /* AppDelegate.swift */,
				7423217825C7F4990099C6C1 /* SceneDelegate.swift */,
				7423217A25C7F4990099C6C1 /* ViewController.swift */,
				7423217C25C7F4990099C6C1 /* Main.storyboard */,
				7423217F25C7F49B0099C6C1 /* Assets.xcassets */,
				7423218125C7F49B0099C6C1 /* LaunchScreen.storyboard */,
				7423218425C7F49B0099C6C1 /* Info.plist */,
			);
			path = SwipeGesture;
			sourceTree = "<group>";
		};
		7423218B25C7F7680099C6C1 /* images */ = {
			isa = PBXGroup;
			children = (
				7423219425C7F78A0099C6C1 /* arrow-down-black.png */,
				7423219325C7F78A0099C6C1 /* arrow-down-green.png */,
				7423219525C7F78B0099C6C1 /* arrow-down-red.png */,
				7423219125C7F78A0099C6C1 /* arrow-left-black.png */,
				7423218F25C7F78A0099C6C1 /* arrow-left-green.png */,
				7423219625C7F78B0099C6C1 /* arrow-left-red.png */,
				7423218C25C7F78A0099C6C1 /* arrow-right-black.png */,
				7423218D25C7F78A0099C6C1 /* arrow-right-green.png */,
				7423219225C7F78A0099C6C1 /* arrow-right-red.png */,
				7423218E25C7F78A0099C6C1 /* arrow-up-black.png */,
				7423219025C7F78A0099C6C1 /* arrow-up-green.png */,
				7423219725C7F78B0099C6C1 /* arrow-up-red.png */,
			);
			path = images;
			sourceTree = "<group>";
		};
/* End PBXGroup section */

/* Begin PBXNativeTarget section */
		7423217225C7F4990099C6C1 /* SwipeGesture */ = {
			isa = PBXNativeTarget;
			buildConfigurationList = 7423218725C7F49B0099C6C1 /* Build configuration list for PBXNativeTarget "SwipeGesture" */;
			buildPhases = (
				7423216F25C7F4990099C6C1 /* Sources */,
				7423217025C7F4990099C6C1 /* Frameworks */,
				7423217125C7F4990099C6C1 /* Resources */,
			);
			buildRules = (
			);
			dependencies = (
			);
			name = SwipeGesture;
			productName = SwipeGesture;
			productReference = 7423217325C7F4990099C6C1 /* SwipeGesture.app */;
			productType = "com.apple.product-type.application";
		};
/* End PBXNativeTarget section */

/* Begin PBXProject section */
		7423216B25C7F4990099C6C1 /* Project object */ = {
			isa = PBXProject;
			attributes = {
				LastSwiftUpdateCheck = 1230;
				LastUpgradeCheck = 1230;
				TargetAttributes = {
					7423217225C7F4990099C6C1 = {
						CreatedOnToolsVersion = 12.3;
					};
				};
			};
			buildConfigurationList = 7423216E25C7F4990099C6C1 /* Build configuration list for PBXProject "SwipeGesture" */;
			compatibilityVersion = "Xcode 9.3";
			developmentRegion = en;
			hasScannedForEncodings = 0;
			knownRegions = (
				en,
				Base,
			);
			mainGroup = 7423216A25C7F4990099C6C1;
			productRefGroup = 7423217425C7F4990099C6C1 /* Products */;
			projectDirPath = "";
			projectRoot = "";
			targets = (
				7423217225C7F4990099C6C1 /* SwipeGesture */,
			);
		};
/* End PBXProject section */

/* Begin PBXResourcesBuildPhase section */
		7423217125C7F4990099C6C1 /* Resources */ = {
			isa = PBXResourcesBuildPhase;
			buildActionMask = 2147483647;
			files = (
				7423219E25C7F78B0099C6C1 /* arrow-right-red.png in Resources */,
				742321A025C7F78B0099C6C1 /* arrow-down-black.png in Resources */,
				742321A225C7F78B0099C6C1 /* arrow-left-red.png in Resources */,
				7423219C25C7F78B0099C6C1 /* arrow-up-green.png in Resources */,
				7423219F25C7F78B0099C6C1 /* arrow-down-green.png in Resources */,
				742321A325C7F78B0099C6C1 /* arrow-up-red.png in Resources */,
				7423219825C7F78B0099C6C1 /* arrow-right-black.png in Resources */,
				7423219925C7F78B0099C6C1 /* arrow-right-green.png in Resources */,
				7423219D25C7F78B0099C6C1 /* arrow-left-black.png in Resources */,
				7423219A25C7F78B0099C6C1 /* arrow-up-black.png in Resources */,
				7423218325C7F49B0099C6C1 /* LaunchScreen.storyboard in Resources */,
				742321A125C7F78B0099C6C1 /* arrow-down-red.png in Resources */,
				7423218025C7F49B0099C6C1 /* Assets.xcassets in Resources */,
				7423217E25C7F4990099C6C1 /* Main.storyboard in Resources */,
				7423219B25C7F78B0099C6C1 /* arrow-left-green.png in Resources */,
			);
			runOnlyForDeploymentPostprocessing = 0;
		};
/* End PBXResourcesBuildPhase section */

/* Begin PBXSourcesBuildPhase section */
		7423216F25C7F4990099C6C1 /* Sources */ = {
			isa = PBXSourcesBuildPhase;
			buildActionMask = 2147483647;
			files = (
				7423217B25C7F4990099C6C1 /* ViewController.swift in Sources */,
				7423217725C7F4990099C6C1 /* AppDelegate.swift in Sources */,
				7423217925C7F4990099C6C1 /* SceneDelegate.swift in Sources */,
			);
			runOnlyForDeploymentPostprocessing = 0;
		};
/* End PBXSourcesBuildPhase section */

/* Begin PBXVariantGroup section */
		7423217C25C7F4990099C6C1 /* Main.storyboard */ = {
			isa = PBXVariantGroup;
			children = (
				7423217D25C7F4990099C6C1 /* Base */,
			);
			name = Main.storyboard;
			sourceTree = "<group>";
		};
		7423218125C7F49B0099C6C1 /* LaunchScreen.storyboard */ = {
			isa = PBXVariantGroup;
			children = (
				7423218225C7F49B0099C6C1 /* Base */,
			);
			name = LaunchScreen.storyboard;
			sourceTree = "<group>";
		};
/* End PBXVariantGroup section */

/* Begin XCBuildConfiguration section */
		7423218525C7F49B0099C6C1 /* Debug */ = {
			isa = XCBuildConfiguration;
			buildSettings = {
				ALWAYS_SEARCH_USER_PATHS = NO;
				CLANG_ANALYZER_NONNULL = YES;
				CLANG_ANALYZER_NUMBER_OBJECT_CONVERSION = YES_AGGRESSIVE;
				CLANG_CXX_LANGUAGE_STANDARD = "gnu++14";
				CLANG_CXX_LIBRARY = "libc++";
				CLANG_ENABLE_MODULES = YES;
				CLANG_ENABLE_OBJC_ARC = YES;
				CLANG_ENABLE_OBJC_WEAK = YES;
				CLANG_WARN_BLOCK_CAPTURE_AUTORELEASING = YES;
				CLANG_WARN_BOOL_CONVERSION = YES;
				CLANG_WARN_COMMA = YES;
				CLANG_WARN_CONSTANT_CONVERSION = YES;
				CLANG_WARN_DEPRECATED_OBJC_IMPLEMENTATIONS = YES;
				CLANG_WARN_DIRECT_OBJC_ISA_USAGE = YES_ERROR;
				CLANG_WARN_DOCUMENTATION_COMMENTS = YES;
				CLANG_WARN_EMPTY_BODY = YES;
				CLANG_WARN_ENUM_CONVERSION = YES;
				CLANG_WARN_INFINITE_RECURSION = YES;
				CLANG_WARN_INT_CONVERSION = YES;
				CLANG_WARN_NON_LITERAL_NULL_CONVERSION = YES;
				CLANG_WARN_OBJC_IMPLICIT_RETAIN_SELF = YES;
				CLANG_WARN_OBJC_LITERAL_CONVERSION = YES;
				CLANG_WARN_OBJC_ROOT_CLASS = YES_ERROR;
				CLANG_WARN_QUOTED_INCLUDE_IN_FRAMEWORK_HEADER = YES;
				CLANG_WARN_RANGE_LOOP_ANALYSIS = YES;
				CLANG_WARN_STRICT_PROTOTYPES = YES;
				CLANG_WARN_SUSPICIOUS_MOVE = YES;
				CLANG_WARN_UNGUARDED_AVAILABILITY = YES_AGGRESSIVE;
				CLANG_WARN_UNREACHABLE_CODE = YES;
				CLANG_WARN__DUPLICATE_METHOD_MATCH = YES;
				COPY_PHASE_STRIP = NO;
				DEBUG_INFORMATION_FORMAT = dwarf;
				ENABLE_STRICT_OBJC_MSGSEND = YES;
				ENABLE_TESTABILITY = YES;
				GCC_C_LANGUAGE_STANDARD = gnu11;
				GCC_DYNAMIC_NO_PIC = NO;
				GCC_NO_COMMON_BLOCKS = YES;
				GCC_OPTIMIZATION_LEVEL = 0;
				GCC_PREPROCESSOR_DEFINITIONS = (
					"DEBUG=1",
					"$(inherited)",
				);
				GCC_WARN_64_TO_32_BIT_CONVERSION = YES;
				GCC_WARN_ABOUT_RETURN_TYPE = YES_ERROR;
				GCC_WARN_UNDECLARED_SELECTOR = YES;
				GCC_WARN_UNINITIALIZED_AUTOS = YES_AGGRESSIVE;
				GCC_WARN_UNUSED_FUNCTION = YES;
				GCC_WARN_UNUSED_VARIABLE = YES;
				IPHONEOS_DEPLOYMENT_TARGET = 14.3;
				MTL_ENABLE_DEBUG_INFO = INCLUDE_SOURCE;
				MTL_FAST_MATH = YES;
				ONLY_ACTIVE_ARCH = YES;
				SDKROOT = iphoneos;
				SWIFT_ACTIVE_COMPILATION_CONDITIONS = DEBUG;
				SWIFT_OPTIMIZATION_LEVEL = "-Onone";
			};
			name = Debug;
		};
		7423218625C7F49B0099C6C1 /* Release */ = {
			isa = XCBuildConfiguration;
			buildSettings = {
				ALWAYS_SEARCH_USER_PATHS = NO;
				CLANG_ANALYZER_NONNULL = YES;
				CLANG_ANALYZER_NUMBER_OBJECT_CONVERSION = YES_AGGRESSIVE;
				CLANG_CXX_LANGUAGE_STANDARD = "gnu++14";
				CLANG_CXX_LIBRARY = "libc++";
				CLANG_ENABLE_MODULES = YES;
				CLANG_ENABLE_OBJC_ARC = YES;
				CLANG_ENABLE_OBJC_WEAK = YES;
				CLANG_WARN_BLOCK_CAPTURE_AUTORELEASING = YES;
				CLANG_WARN_BOOL_CONVERSION = YES;
				CLANG_WARN_COMMA = YES;
				CLANG_WARN_CONSTANT_CONVERSION = YES;
				CLANG_WARN_DEPRECATED_OBJC_IMPLEMENTATIONS = YES;
				CLANG_WARN_DIRECT_OBJC_ISA_USAGE = YES_ERROR;
				CLANG_WARN_DOCUMENTATION_COMMENTS = YES;
				CLANG_WARN_EMPTY_BODY = YES;
				CLANG_WARN_ENUM_CONVERSION = YES;
				CLANG_WARN_INFINITE_RECURSION = YES;
				CLANG_WARN_INT_CONVERSION = YES;
				CLANG_WARN_NON_LITERAL_NULL_CONVERSION = YES;
				CLANG_WARN_OBJC_IMPLICIT_RETAIN_SELF = YES;
				CLANG_WARN_OBJC_LITERAL_CONVERSION = YES;
				CLANG_WARN_OBJC_ROOT_CLASS = YES_ERROR;
				CLANG_WARN_QUOTED_INCLUDE_IN_FRAMEWORK_HEADER = YES;
				CLANG_WARN_RANGE_LOOP_ANALYSIS = YES;
				CLANG_WARN_STRICT_PROTOTYPES = YES;
				CLANG_WARN_SUSPICIOUS_MOVE = YES;
				CLANG_WARN_UNGUARDED_AVAILABILITY = YES_AGGRESSIVE;
				CLANG_WARN_UNREACHABLE_CODE = YES;
				CLANG_WARN__DUPLICATE_METHOD_MATCH = YES;
				COPY_PHASE_STRIP = NO;
				DEBUG_INFORMATION_FORMAT = "dwarf-with-dsym";
				ENABLE_NS_ASSERTIONS = NO;
				ENABLE_STRICT_OBJC_MSGSEND = YES;
				GCC_C_LANGUAGE_STANDARD = gnu11;
				GCC_NO_COMMON_BLOCKS = YES;
				GCC_WARN_64_TO_32_BIT_CONVERSION = YES;
				GCC_WARN_ABOUT_RETURN_TYPE = YES_ERROR;
				GCC_WARN_UNDECLARED_SELECTOR = YES;
				GCC_WARN_UNINITIALIZED_AUTOS = YES_AGGRESSIVE;
				GCC_WARN_UNUSED_FUNCTION = YES;
				GCC_WARN_UNUSED_VARIABLE = YES;
				IPHONEOS_DEPLOYMENT_TARGET = 14.3;
				MTL_ENABLE_DEBUG_INFO = NO;
				MTL_FAST_MATH = YES;
				SDKROOT = iphoneos;
				SWIFT_COMPILATION_MODE = wholemodule;
				SWIFT_OPTIMIZATION_LEVEL = "-O";
				VALIDATE_PRODUCT = YES;
			};
			name = Release;
		};
		7423218825C7F49B0099C6C1 /* Debug */ = {
			isa = XCBuildConfiguration;
			buildSettings = {
				ASSETCATALOG_COMPILER_APPICON_NAME = AppIcon;
				ASSETCATALOG_COMPILER_GLOBAL_ACCENT_COLOR_NAME = AccentColor;
				CODE_SIGN_STYLE = Automatic;
				DEVELOPMENT_TEAM = 7Q4Y2N8VX8;
				INFOPLIST_FILE = SwipeGesture/Info.plist;
				LD_RUNPATH_SEARCH_PATHS = (
					"$(inherited)",
					"@executable_path/Frameworks",
				);
				PRODUCT_BUNDLE_IDENTIFIER = com.jjuyaa.SwipeGesture;
				PRODUCT_NAME = "$(TARGET_NAME)";
				SWIFT_VERSION = 5.0;
				TARGETED_DEVICE_FAMILY = "1,2";
			};
			name = Debug;
		};
		7423218925C7F49B0099C6C1 /* Release */ = {
			isa = XCBuildConfiguration;
			buildSettings = {
				ASSETCATALOG_COMPILER_APPICON_NAME = AppIcon;
				ASSETCATALOG_COMPILER_GLOBAL_ACCENT_COLOR_NAME = AccentColor;
				CODE_SIGN_STYLE = Automatic;
				DEVELOPMENT_TEAM = 7Q4Y2N8VX8;
				INFOPLIST_FILE = SwipeGesture/Info.plist;
				LD_RUNPATH_SEARCH_PATHS = (
					"$(inherited)",
					"@executable_path/Frameworks",
				);
				PRODUCT_BUNDLE_IDENTIFIER = com.jjuyaa.SwipeGesture;
				PRODUCT_NAME = "$(TARGET_NAME)";
				SWIFT_VERSION = 5.0;
				TARGETED_DEVICE_FAMILY = "1,2";
			};
			name = Release;
		};
/* End XCBuildConfiguration section */

/* Begin XCConfigurationList section */
		7423216E25C7F4990099C6C1 /* Build configuration list for PBXProject "SwipeGesture" */ = {
			isa = XCConfigurationList;
			buildConfigurations = (
				7423218525C7F49B0099C6C1 /* Debug */,
				7423218625C7F49B0099C6C1 /* Release */,
			);
			defaultConfigurationIsVisible = 0;
			defaultConfigurationName = Release;
		};
		7423218725C7F49B0099C6C1 /* Build configuration list for PBXNativeTarget "SwipeGesture" */ = {
			isa = XCConfigurationList;
			buildConfigurations = (
				7423218825C7F49B0099C6C1 /* Debug */,
				7423218925C7F49B0099C6C1 /* Release */,
			);
			defaultConfigurationIsVisible = 0;
			defaultConfigurationName = Release;
		};
/* End XCConfigurationList section */
	};
	rootObject = 7423216B25C7F4990099C6C1 /* Project object */;
}
